
Microsoft Visual Studio Solution File, Format Version 12.00
# Visual Studio Version 16
VisualStudioVersion = 16.0.29728.190
MinimumVisualStudioVersion = 10.0.40219.1
Project("{9A19103F-16F7-4668-BE54-9A1E7A4F7556}") = "WorkoutData", "WorkoutData\WorkoutData.csproj", "{2CEAEDE8-874A-4C81-A689-6CC2E2F23334}"
EndProject
Project("{9A19103F-16F7-4668-BE54-9A1E7A4F7556}") = "WorkoutCoreAPI", "WorkoutCoreAPI\WorkoutCoreAPI.csproj", "{F123B966-317D-4F50-9F6A-9861DC4C974D}"
EndProject
Project("{9A19103F-16F7-4668-BE54-9A1E7A4F7556}") = "WorkoutCoreMVC", "WorkoutCoreMVC\WorkoutCoreMVC.csproj", "{9011A6E9-A396-408E-9396-8F57AB31F140}"
EndProject
Project("{FAE04EC0-301F-11D3-BF4B-00C04F79EFBC}") = "WorkoutTest", "WorkoutTest\WorkoutTest.csproj", "{75C541D6-E491-41B2-8248-CED1A3FEB440}"
EndProject
Global
	GlobalSection(SolutionConfigurationPlatforms) = preSolution
		Debug|Any CPU = Debug|Any CPU
		Release|Any CPU = Release|Any CPU
	EndGlobalSection
	GlobalSection(ProjectConfigurationPlatforms) = postSolution
		{2CEAEDE8-874A-4C81-A689-6CC2E2F23334}.Debug|Any CPU.ActiveCfg = Debug|Any CPU
		{2CEAEDE8-874A-4C81-A689-6CC2E2F23334}.Debug|Any CPU.Build.0 = Debug|Any CPU
		{2CEAEDE8-874A-4C81-A689-6CC2E2F23334}.Release|Any CPU.ActiveCfg = Release|Any CPU
		{2CEAEDE8-874A-4C81-A689-6CC2E2F23334}.Release|Any CPU.Build.0 = Release|Any CPU
		{F123B966-317D-4F50-9F6A-9861DC4C974D}.Debug|Any CPU.ActiveCfg = Debug|Any CPU
		{F123B966-317D-4F50-9F6A-9861DC4C974D}.Debug|Any CPU.Build.0 = Debug|Any CPU
		{F123B966-317D-4F50-9F6A-9861DC4C974D}.Release|Any CPU.ActiveCfg = Release|Any CPU
		{F123B966-317D-4F50-9F6A-9861DC4C974D}.Release|Any CPU.Build.0 = Release|Any CPU
		{9011A6E9-A396-408E-9396-8F57AB31F140}.Debug|Any CPU.ActiveCfg = Debug|Any CPU
		{9011A6E9-A396-408E-9396-8F57AB31F140}.Debug|Any CPU.Build.0 = Debug|Any CPU
		{9011A6E9-A396-408E-9396-8F57AB31F140}.Release|Any CPU.ActiveCfg = Release|Any CPU
		{9011A6E9-A396-408E-9396-8F57AB31F140}.Release|Any CPU.Build.0 = Release|Any CPU
		{75C541D6-E491-41B2-8248-CED1A3FEB440}.Debug|Any CPU.ActiveCfg = Debug|Any CPU
		{75C541D6-E491-41B2-8248-CED1A3FEB440}.Debug|Any CPU.Build.0 = Debug|Any CPU
		{75C541D6-E491-41B2-8248-CED1A3FEB440}.Release|Any CPU.ActiveCfg = Release|Any CPU
		{75C541D6-E491-41B2-8248-CED1A3FEB440}.Release|Any CPU.Build.0 = Release|Any CPU
	EndGlobalSection
	GlobalSection(SolutionProperties) = preSolution
		HideSolutionNode = FALSE
	EndGlobalSection
	GlobalSection(ExtensibilityGlobals) = postSolution
		SolutionGuid = {CE8D43C7-FD16-47A3-86CD-286CABA0F811}
	EndGlobalSection
EndGlobal
